
Microsoft Visual Studio Solution File, Format Version 12.00
# Visual Studio Version 16
VisualStudioVersion = 16.0.31229.75
MinimumVisualStudioVersion = 10.0.40219.1
Project("{FAE04EC0-301F-11D3-BF4B-00C04F79EFBC}") = "TourneyMaster", "TourneyMaster\TourneyMaster.csproj", "{8A58E31B-7A39-4076-97E8-6FD6CC82857C}"
EndProject
Global
	GlobalSection(SolutionConfigurationPlatforms) = preSolution
		Debug|Any CPU = Debug|Any CPU
		Release|Any CPU = Release|Any CPU
	EndGlobalSection
	GlobalSection(ProjectConfigurationPlatforms) = postSolution
		{8A58E31B-7A39-4076-97E8-6FD6CC82857C}.Debug|Any CPU.ActiveCfg = Debug|Any CPU
		{8A58E31B-7A39-4076-97E8-6FD6CC82857C}.Debug|Any CPU.Build.0 = Debug|Any CPU
		{8A58E31B-7A39-4076-97E8-6FD6CC82857C}.Release|Any CPU.ActiveCfg = Release|Any CPU
		{8A58E31B-7A39-4076-97E8-6FD6CC82857C}.Release|Any CPU.Build.0 = Release|Any CPU
	EndGlobalSection
	GlobalSection(SolutionProperties) = preSolution
		HideSolutionNode = FALSE
	EndGlobalSection
	GlobalSection(ExtensibilityGlobals) = postSolution
		SolutionGuid = {D4FD115C-61AA-46A3-B9B4-EEED68DAA03C}
	EndGlobalSection
EndGlobal
